
Microsoft Visual Studio Solution File, Format Version 12.00
# Visual Studio 15
VisualStudioVersion = 15.0.26730.12
MinimumVisualStudioVersion = 10.0.40219.1
Project("{FAE04EC0-301F-11D3-BF4B-00C04F79EFBC}") = "Outpost", "Outpost\Outpost.csproj", "{AD0A4123-E6B4-47DA-B4EB-4204E4EB49C1}"
EndProject
Project("{FAE04EC0-301F-11D3-BF4B-00C04F79EFBC}") = "OutpostLibrary", "OutpostLibrary\OutpostLibrary.csproj", "{701049C9-DA5C-4E4A-BF69-FF642731D58B}"
EndProject
Project("{FAE04EC0-301F-11D3-BF4B-00C04F79EFBC}") = "VoxtureSpewer", "Editor\VoxtureSpewer.csproj", "{05AE5813-8028-4C64-A9E2-C8844ED65DC3}"
EndProject
Project("{FAE04EC0-301F-11D3-BF4B-00C04F79EFBC}") = "VoxtureEditor", "VoxtureEditor\VoxtureEditor.csproj", "{C7F74F4D-983F-41CA-9F65-0734DA6F15AA}"
EndProject
Project("{D954291E-2A0B-460D-934E-DC6B0785DB48}") = "ScreenManager", "ScreenManager\ScreenManager.shproj", "{DC6D9569-2DD3-4737-9D6C-E8DB9C77E328}"
EndProject
Global
	GlobalSection(SharedMSBuildProjectFiles) = preSolution
		ScreenManager\ScreenManager.projitems*{ad0a4123-e6b4-47da-b4eb-4204e4eb49c1}*SharedItemsImports = 4
		ScreenManager\ScreenManager.projitems*{dc6d9569-2dd3-4737-9d6c-e8db9c77e328}*SharedItemsImports = 13
	EndGlobalSection
	GlobalSection(SolutionConfigurationPlatforms) = preSolution
		Debug|Any CPU = Debug|Any CPU
		Debug|Mixed Platforms = Debug|Mixed Platforms
		Debug|x86 = Debug|x86
		Release|Any CPU = Release|Any CPU
		Release|Mixed Platforms = Release|Mixed Platforms
		Release|x86 = Release|x86
	EndGlobalSection
	GlobalSection(ProjectConfigurationPlatforms) = postSolution
		{AD0A4123-E6B4-47DA-B4EB-4204E4EB49C1}.Debug|Any CPU.ActiveCfg = Debug|Any CPU
		{AD0A4123-E6B4-47DA-B4EB-4204E4EB49C1}.Debug|Any CPU.Build.0 = Debug|Any CPU
		{AD0A4123-E6B4-47DA-B4EB-4204E4EB49C1}.Debug|Mixed Platforms.ActiveCfg = Debug|Any CPU
		{AD0A4123-E6B4-47DA-B4EB-4204E4EB49C1}.Debug|Mixed Platforms.Build.0 = Debug|Any CPU
		{AD0A4123-E6B4-47DA-B4EB-4204E4EB49C1}.Debug|x86.ActiveCfg = Debug|Any CPU
		{AD0A4123-E6B4-47DA-B4EB-4204E4EB49C1}.Release|Any CPU.ActiveCfg = Release|Any CPU
		{AD0A4123-E6B4-47DA-B4EB-4204E4EB49C1}.Release|Any CPU.Build.0 = Release|Any CPU
		{AD0A4123-E6B4-47DA-B4EB-4204E4EB49C1}.Release|Mixed Platforms.ActiveCfg = Release|Any CPU
		{AD0A4123-E6B4-47DA-B4EB-4204E4EB49C1}.Release|Mixed Platforms.Build.0 = Release|Any CPU
		{AD0A4123-E6B4-47DA-B4EB-4204E4EB49C1}.Release|x86.ActiveCfg = Release|Any CPU
		{701049C9-DA5C-4E4A-BF69-FF642731D58B}.Debug|Any CPU.ActiveCfg = Debug|Any CPU
		{701049C9-DA5C-4E4A-BF69-FF642731D58B}.Debug|Any CPU.Build.0 = Debug|Any CPU
		{701049C9-DA5C-4E4A-BF69-FF642731D58B}.Debug|Mixed Platforms.ActiveCfg = Debug|Any CPU
		{701049C9-DA5C-4E4A-BF69-FF642731D58B}.Debug|Mixed Platforms.Build.0 = Debug|Any CPU
		{701049C9-DA5C-4E4A-BF69-FF642731D58B}.Debug|x86.ActiveCfg = Debug|Any CPU
		{701049C9-DA5C-4E4A-BF69-FF642731D58B}.Release|Any CPU.ActiveCfg = Release|Any CPU
		{701049C9-DA5C-4E4A-BF69-FF642731D58B}.Release|Any CPU.Build.0 = Release|Any CPU
		{701049C9-DA5C-4E4A-BF69-FF642731D58B}.Release|Mixed Platforms.ActiveCfg = Release|Any CPU
		{701049C9-DA5C-4E4A-BF69-FF642731D58B}.Release|Mixed Platforms.Build.0 = Release|Any CPU
		{701049C9-DA5C-4E4A-BF69-FF642731D58B}.Release|x86.ActiveCfg = Release|Any CPU
		{05AE5813-8028-4C64-A9E2-C8844ED65DC3}.Debug|Any CPU.ActiveCfg = Debug|Any CPU
		{05AE5813-8028-4C64-A9E2-C8844ED65DC3}.Debug|Any CPU.Build.0 = Debug|Any CPU
		{05AE5813-8028-4C64-A9E2-C8844ED65DC3}.Debug|Mixed Platforms.ActiveCfg = Debug|x86
		{05AE5813-8028-4C64-A9E2-C8844ED65DC3}.Debug|Mixed Platforms.Build.0 = Debug|x86
		{05AE5813-8028-4C64-A9E2-C8844ED65DC3}.Debug|x86.ActiveCfg = Debug|x86
		{05AE5813-8028-4C64-A9E2-C8844ED65DC3}.Debug|x86.Build.0 = Debug|x86
		{05AE5813-8028-4C64-A9E2-C8844ED65DC3}.Release|Any CPU.ActiveCfg = Release|Any CPU
		{05AE5813-8028-4C64-A9E2-C8844ED65DC3}.Release|Any CPU.Build.0 = Release|Any CPU
		{05AE5813-8028-4C64-A9E2-C8844ED65DC3}.Release|Mixed Platforms.ActiveCfg = Release|x86
		{05AE5813-8028-4C64-A9E2-C8844ED65DC3}.Release|Mixed Platforms.Build.0 = Release|x86
		{05AE5813-8028-4C64-A9E2-C8844ED65DC3}.Release|x86.ActiveCfg = Release|x86
		{05AE5813-8028-4C64-A9E2-C8844ED65DC3}.Release|x86.Build.0 = Release|x86
		{C7F74F4D-983F-41CA-9F65-0734DA6F15AA}.Debug|Any CPU.ActiveCfg = Debug|x86
		{C7F74F4D-983F-41CA-9F65-0734DA6F15AA}.Debug|Mixed Platforms.ActiveCfg = Debug|x86
		{C7F74F4D-983F-41CA-9F65-0734DA6F15AA}.Debug|Mixed Platforms.Build.0 = Debug|x86
		{C7F74F4D-983F-41CA-9F65-0734DA6F15AA}.Debug|x86.ActiveCfg = Debug|x86
		{C7F74F4D-983F-41CA-9F65-0734DA6F15AA}.Debug|x86.Build.0 = Debug|x86
		{C7F74F4D-983F-41CA-9F65-0734DA6F15AA}.Release|Any CPU.ActiveCfg = Release|x86
		{C7F74F4D-983F-41CA-9F65-0734DA6F15AA}.Release|Mixed Platforms.ActiveCfg = Release|x86
		{C7F74F4D-983F-41CA-9F65-0734DA6F15AA}.Release|Mixed Platforms.Build.0 = Release|x86
		{C7F74F4D-983F-41CA-9F65-0734DA6F15AA}.Release|x86.ActiveCfg = Release|x86
		{C7F74F4D-983F-41CA-9F65-0734DA6F15AA}.Release|x86.Build.0 = Release|x86
	EndGlobalSection
	GlobalSection(SolutionProperties) = preSolution
		HideSolutionNode = FALSE
	EndGlobalSection
	GlobalSection(ExtensibilityGlobals) = postSolution
		SolutionGuid = {C481A94A-D104-45B3-81D7-444212C968E2}
	EndGlobalSection
EndGlobal
